{
    "_readme": [
        "This file locks the dependencies of your project to a known state",
        "Read more about it at https://getcomposer.org/doc/01-basic-usage.md#installing-dependencies",
        "This file is @generated automatically"
    ],
    "content-hash": "1dbed354a245fb3617a62484bceebd84",
    "packages": [
        {
            "name": "tricioandrade/splitesql",
            "version": "v1.1.7",
            "source": {
                "type": "git",
                "url": "https://github.com/tricioandrade/splitesql.git",
                "reference": "675eb2e3633ec8f5344af5485f1d11f98ce24537"
            },
            "dist": {
                "type": "zip",
                "url": "https://api.github.com/repos/tricioandrade/splitesql/zipball/675eb2e3633ec8f5344af5485f1d11f98ce24537",
                "reference": "675eb2e3633ec8f5344af5485f1d11f98ce24537",
                "shasum": ""
            },
            "require": {
                "php": ">=7.4"
            },
            "type": "library",
            "autoload": {
                "psr-4": {
                    "Tricioandrade\\Splitesql\\": "src/"
                }
            },
            "notification-url": "https://packagist.org/downloads/",
            "license": [
                "MIT"
            ],
            "authors": [
                {
                    "name": "tricioandrade",
                    "email": "tricioandrade@outlook.com"
                }
            ],
            "description": "Query Builder",
            "support": {
                "issues": "https://github.com/tricioandrade/splitesql/issues",
                "source": "https://github.com/tricioandrade/splitesql/tree/v1.1.7"
            },
            "time": "2022-05-15T22:41:07+00:00"
        }
    ],
    "packages-dev": [],
    "aliases": [],
    "minimum-stability": "stable",
    "stability-flags": [],
    "prefer-stable": false,
    "prefer-lowest": false,
    "platform": [],
    "platform-dev": [],
    "plugin-api-version": "2.3.0"
}
