{
    "_readme": [
        "This file locks the dependencies of your project to a known state",
        "Read more about it at https://getcomposer.org/doc/01-basic-usage.md#installing-dependencies",
        "This file is @generated automatically"
    ],
    "content-hash": "c1dff6fa90c51d4c7ba739cbfa39c446",
    "packages": [
        {
            "name": "tricioandrade/splitesql",
            "version": "v2.0.1",
            "source": {
                "type": "git",
                "url": "https://github.com/tricioandrade/splitesql.git",
                "reference": "53ad3bd2d7d1122ffac3c43eeb1960bd646d9ca0"
            },
            "dist": {
                "type": "zip",
                "url": "https://api.github.com/repos/tricioandrade/splitesql/zipball/53ad3bd2d7d1122ffac3c43eeb1960bd646d9ca0",
                "reference": "53ad3bd2d7d1122ffac3c43eeb1960bd646d9ca0",
                "shasum": ""
            },
            "require": {
                "php": ">=8.0"
            },
            "type": "library",
            "autoload": {
                "psr-4": {
                    "Tricioandrade\\Splitesql\\": "src/"
                }
            },
            "notification-url": "https://packagist.org/downloads/",
            "license": [
                "MIT"
            ],
            "authors": [
                {
                    "name": "Patrício Andrade",
                    "email": "tricioandrade@outlook.com"
                }
            ],
            "description": "Query Builder",
            "support": {
                "issues": "https://github.com/tricioandrade/splitesql/issues",
                "source": "https://github.com/tricioandrade/splitesql/tree/v2.0.1"
            },
            "time": "2022-06-02T14:27:19+00:00"
        }
    ],
    "packages-dev": [],
    "aliases": [],
    "minimum-stability": "stable",
    "stability-flags": [],
    "prefer-stable": false,
    "prefer-lowest": false,
    "platform": [],
    "platform-dev": [],
    "plugin-api-version": "2.3.0"
}
