{
  "name": "splitesqlexample",
  "version": "1.0.0",
  "lockfileVersion": 2,
  "requires": true,
  "packages": {
    "": {
      "name": "splitesqlexample",
      "version": "1.0.0",
      "license": "MIT",
      "dependencies": {
        "@fortawesome/fontawesome-free": "^5.1.0-9",
        "bootstrap5": "^1.1.9"
      }
    },
    "node_modules/@fortawesome/fontawesome-free": {
      "version": "5.1.0-9",
      "resolved": "https://registry.npmjs.org/@fortawesome/fontawesome-free/-/fontawesome-free-5.1.0-9.tgz",
      "integrity": "sha512-F5Iz5k+Jj5+YDLcFb4pskOmKncsq3Y/ez6eCCCneLpcredQJd1uqTGC/WK5cYOS/h+c/6N4zj1YI5saDgOVaRg==",
      "engines": {
        "node": ">=6"
      }
    },
    "node_modules/bootstrap5": {
      "version": "1.1.9",
      "resolved": "https://registry.npmjs.org/bootstrap5/-/bootstrap5-1.1.9.tgz",
      "integrity": "sha512-XZSujP1vsslV7iUgPHRLobe+rL7pYUvZaK2Erk0r45m00cQZz/No3Ua7cenlCFLN+gOMEWYU+ipa8Ktzz79oVA=="
    }
  },
  "dependencies": {
    "@fortawesome/fontawesome-free": {
      "version": "5.1.0-9",
      "resolved": "https://registry.npmjs.org/@fortawesome/fontawesome-free/-/fontawesome-free-5.1.0-9.tgz",
      "integrity": "sha512-F5Iz5k+Jj5+YDLcFb4pskOmKncsq3Y/ez6eCCCneLpcredQJd1uqTGC/WK5cYOS/h+c/6N4zj1YI5saDgOVaRg=="
    },
    "bootstrap5": {
      "version": "1.1.9",
      "resolved": "https://registry.npmjs.org/bootstrap5/-/bootstrap5-1.1.9.tgz",
      "integrity": "sha512-XZSujP1vsslV7iUgPHRLobe+rL7pYUvZaK2Erk0r45m00cQZz/No3Ua7cenlCFLN+gOMEWYU+ipa8Ktzz79oVA=="
    }
  }
}
